
Microsoft Visual Studio Solution File, Format Version 12.00
# Visual Studio 14
VisualStudioVersion = 14.0.24720.0
MinimumVisualStudioVersion = 10.0.40219.1
Project("{FAE04EC0-301F-11D3-BF4B-00C04F79EFBC}") = "sdg12", "sdg12\sdg12.csproj", "{0D4EBE92-D19F-4616-A584-FE2859F986F1}"
EndProject
Project("{FAE04EC0-301F-11D3-BF4B-00C04F79EFBC}") = "Specifications", "Specifications\Specifications.csproj", "{3206B658-AAA9-4817-A726-35DF64A8F226}"
EndProject
Project("{FAE04EC0-301F-11D3-BF4B-00C04F79EFBC}") = "sdg12.Core", "sdg12.Core\sdg12.Core.csproj", "{C85D7CF8-F02F-43C1-8050-AB53EB319279}"
EndProject
Project("{FAE04EC0-301F-11D3-BF4B-00C04F79EFBC}") = "sdg12.Data", "sdg12.Data\sdg12.Data.csproj", "{93AC7943-34C3-4050-890E-BDFF19EEB0F7}"
EndProject
Project("{FAE04EC0-301F-11D3-BF4B-00C04F79EFBC}") = "sdg12.Service", "sdg12.Service\sdg12.Service.csproj", "{80F3EFF4-B2D4-462E-88E8-0A732579DAE7}"
EndProject
Global
	GlobalSection(SolutionConfigurationPlatforms) = preSolution
		Debug|Any CPU = Debug|Any CPU
		Release|Any CPU = Release|Any CPU
	EndGlobalSection
	GlobalSection(ProjectConfigurationPlatforms) = postSolution
		{0D4EBE92-D19F-4616-A584-FE2859F986F1}.Debug|Any CPU.ActiveCfg = Debug|Any CPU
		{0D4EBE92-D19F-4616-A584-FE2859F986F1}.Debug|Any CPU.Build.0 = Debug|Any CPU
		{0D4EBE92-D19F-4616-A584-FE2859F986F1}.Release|Any CPU.ActiveCfg = Release|Any CPU
		{0D4EBE92-D19F-4616-A584-FE2859F986F1}.Release|Any CPU.Build.0 = Release|Any CPU
		{3206B658-AAA9-4817-A726-35DF64A8F226}.Debug|Any CPU.ActiveCfg = Debug|Any CPU
		{3206B658-AAA9-4817-A726-35DF64A8F226}.Debug|Any CPU.Build.0 = Debug|Any CPU
		{3206B658-AAA9-4817-A726-35DF64A8F226}.Release|Any CPU.ActiveCfg = Release|Any CPU
		{3206B658-AAA9-4817-A726-35DF64A8F226}.Release|Any CPU.Build.0 = Release|Any CPU
		{C85D7CF8-F02F-43C1-8050-AB53EB319279}.Debug|Any CPU.ActiveCfg = Debug|Any CPU
		{C85D7CF8-F02F-43C1-8050-AB53EB319279}.Debug|Any CPU.Build.0 = Debug|Any CPU
		{C85D7CF8-F02F-43C1-8050-AB53EB319279}.Release|Any CPU.ActiveCfg = Release|Any CPU
		{C85D7CF8-F02F-43C1-8050-AB53EB319279}.Release|Any CPU.Build.0 = Release|Any CPU
		{93AC7943-34C3-4050-890E-BDFF19EEB0F7}.Debug|Any CPU.ActiveCfg = Debug|Any CPU
		{93AC7943-34C3-4050-890E-BDFF19EEB0F7}.Debug|Any CPU.Build.0 = Debug|Any CPU
		{93AC7943-34C3-4050-890E-BDFF19EEB0F7}.Release|Any CPU.ActiveCfg = Release|Any CPU
		{93AC7943-34C3-4050-890E-BDFF19EEB0F7}.Release|Any CPU.Build.0 = Release|Any CPU
		{80F3EFF4-B2D4-462E-88E8-0A732579DAE7}.Debug|Any CPU.ActiveCfg = Debug|Any CPU
		{80F3EFF4-B2D4-462E-88E8-0A732579DAE7}.Debug|Any CPU.Build.0 = Debug|Any CPU
		{80F3EFF4-B2D4-462E-88E8-0A732579DAE7}.Release|Any CPU.ActiveCfg = Release|Any CPU
		{80F3EFF4-B2D4-462E-88E8-0A732579DAE7}.Release|Any CPU.Build.0 = Release|Any CPU
	EndGlobalSection
	GlobalSection(SolutionProperties) = preSolution
		HideSolutionNode = FALSE
	EndGlobalSection
EndGlobal
